
Microsoft Visual Studio Solution File, Format Version 12.00
# Visual Studio Version 16
VisualStudioVersion = 16.0.29613.14
MinimumVisualStudioVersion = 10.0.40219.1
Project("{FAE04EC0-301F-11D3-BF4B-00C04F79EFBC}") = "QuotesApi", "QuotesApi.csproj", "{A5E02E28-913F-40F3-8C71-CAD376FFF37F}"
EndProject
Global
	GlobalSection(SolutionConfigurationPlatforms) = preSolution
		Debug|Any CPU = Debug|Any CPU
		Release|Any CPU = Release|Any CPU
	EndGlobalSection
	GlobalSection(ProjectConfigurationPlatforms) = postSolution
		{A5E02E28-913F-40F3-8C71-CAD376FFF37F}.Debug|Any CPU.ActiveCfg = Debug|Any CPU
		{A5E02E28-913F-40F3-8C71-CAD376FFF37F}.Debug|Any CPU.Build.0 = Debug|Any CPU
		{A5E02E28-913F-40F3-8C71-CAD376FFF37F}.Release|Any CPU.ActiveCfg = Release|Any CPU
		{A5E02E28-913F-40F3-8C71-CAD376FFF37F}.Release|Any CPU.Build.0 = Release|Any CPU
	EndGlobalSection
	GlobalSection(SolutionProperties) = preSolution
		HideSolutionNode = FALSE
	EndGlobalSection
	GlobalSection(ExtensibilityGlobals) = postSolution
		SolutionGuid = {4992795C-A352-4340-B9F2-B24D9E66D3D0}
	EndGlobalSection
EndGlobal
